
Microsoft Visual Studio Solution File, Format Version 12.00
# Visual Studio Version 17
VisualStudioVersion = 17.2.32516.85
MinimumVisualStudioVersion = 10.0.40219.1
Project("{FAE04EC0-301F-11D3-BF4B-00C04F79EFBC}") = "WindowsFormsApp7", "WindowsFormsApp7\WindowsFormsApp7.csproj", "{9E445AF7-3C5D-4853-B95F-EB1DCE8DB70C}"
EndProject
Global
	GlobalSection(SolutionConfigurationPlatforms) = preSolution
		Debug|Any CPU = Debug|Any CPU
		Release|Any CPU = Release|Any CPU
	EndGlobalSection
	GlobalSection(ProjectConfigurationPlatforms) = postSolution
		{9E445AF7-3C5D-4853-B95F-EB1DCE8DB70C}.Debug|Any CPU.ActiveCfg = Debug|Any CPU
		{9E445AF7-3C5D-4853-B95F-EB1DCE8DB70C}.Debug|Any CPU.Build.0 = Debug|Any CPU
		{9E445AF7-3C5D-4853-B95F-EB1DCE8DB70C}.Release|Any CPU.ActiveCfg = Release|Any CPU
		{9E445AF7-3C5D-4853-B95F-EB1DCE8DB70C}.Release|Any CPU.Build.0 = Release|Any CPU
	EndGlobalSection
	GlobalSection(SolutionProperties) = preSolution
		HideSolutionNode = FALSE
	EndGlobalSection
	GlobalSection(ExtensibilityGlobals) = postSolution
		SolutionGuid = {16EB2D9D-413E-4E1B-81D8-9BCAC3D99DFA}
	EndGlobalSection
EndGlobal
